
Microsoft Visual Studio Solution File, Format Version 12.00
# Visual Studio Version 17
VisualStudioVersion = 17.3.32804.467
MinimumVisualStudioVersion = 10.0.40219.1
Project("{2150E333-8FDC-42A3-9474-1A3956D46DE8}") = "src", "src", "{63F5C7A8-813A-4251-8AE8-495333FBF224}"
EndProject
Project("{2150E333-8FDC-42A3-9474-1A3956D46DE8}") = "Presentation", "Presentation", "{918426F4-E074-4155-A6A9-BC93E102C2D0}"
EndProject
Project("{2150E333-8FDC-42A3-9474-1A3956D46DE8}") = "Core", "Core", "{E6BC0BB1-13C8-4494-81F1-400F097E278B}"
EndProject
Project("{2150E333-8FDC-42A3-9474-1A3956D46DE8}") = "Infrastructure", "Infrastructure", "{FA105792-71FC-4D95-B43B-94C9658492AA}"
EndProject
Project("{FAE04EC0-301F-11D3-BF4B-00C04F79EFBC}") = "NetTestTask.Application", "src\Core\NetTestTask.Application\NetTestTask.Application.csproj", "{252F0E84-961A-4212-AD75-4A54FB3C1BD0}"
EndProject
Project("{FAE04EC0-301F-11D3-BF4B-00C04F79EFBC}") = "NetTestTask.Common", "src\Core\NetTestTask.Common\NetTestTask.Common.csproj", "{95E5A0FE-CEAC-43FB-8B7B-989861D9A34C}"
EndProject
Project("{FAE04EC0-301F-11D3-BF4B-00C04F79EFBC}") = "NetTestTask.Utility", "src\Core\NetTestTask.Utility\NetTestTask.Utility.csproj", "{35835017-5B74-47C2-8E65-BECA3B42715F}"
EndProject
Project("{FAE04EC0-301F-11D3-BF4B-00C04F79EFBC}") = "NetTestTask.Domain", "src\Core\NetTaskTask.Domain\NetTestTask.Domain.csproj", "{3973B0D2-190E-4D6C-8D87-22651F70EEDA}"
EndProject
Project("{FAE04EC0-301F-11D3-BF4B-00C04F79EFBC}") = "NetTestTask.WebApi", "src\Presentation\NetTestTask.WebApi\NetTestTask.WebApi.csproj", "{93F32A1B-9682-470C-89AD-C01D9D3654DB}"
EndProject
Project("{FAE04EC0-301F-11D3-BF4B-00C04F79EFBC}") = "NetTestTask.DataAccess", "src\Infrastructure\NetTestTask.DataAccess\NetTestTask.DataAccess.csproj", "{8C15CACD-37AD-4614-BF75-FD613FAF8703}"
EndProject
Project("{FAE04EC0-301F-11D3-BF4B-00C04F79EFBC}") = "NetTestTask.Services", "src\Infrastructure\NetTestTask.Services\NetTestTask.Services.csproj", "{BAEA3550-FB1E-4221-B3F6-056FAD045540}"
EndProject
Global
	GlobalSection(SolutionConfigurationPlatforms) = preSolution
		Debug|Any CPU = Debug|Any CPU
		Release|Any CPU = Release|Any CPU
	EndGlobalSection
	GlobalSection(ProjectConfigurationPlatforms) = postSolution
		{252F0E84-961A-4212-AD75-4A54FB3C1BD0}.Debug|Any CPU.ActiveCfg = Debug|Any CPU
		{252F0E84-961A-4212-AD75-4A54FB3C1BD0}.Debug|Any CPU.Build.0 = Debug|Any CPU
		{252F0E84-961A-4212-AD75-4A54FB3C1BD0}.Release|Any CPU.ActiveCfg = Release|Any CPU
		{252F0E84-961A-4212-AD75-4A54FB3C1BD0}.Release|Any CPU.Build.0 = Release|Any CPU
		{95E5A0FE-CEAC-43FB-8B7B-989861D9A34C}.Debug|Any CPU.ActiveCfg = Debug|Any CPU
		{95E5A0FE-CEAC-43FB-8B7B-989861D9A34C}.Debug|Any CPU.Build.0 = Debug|Any CPU
		{95E5A0FE-CEAC-43FB-8B7B-989861D9A34C}.Release|Any CPU.ActiveCfg = Release|Any CPU
		{95E5A0FE-CEAC-43FB-8B7B-989861D9A34C}.Release|Any CPU.Build.0 = Release|Any CPU
		{35835017-5B74-47C2-8E65-BECA3B42715F}.Debug|Any CPU.ActiveCfg = Debug|Any CPU
		{35835017-5B74-47C2-8E65-BECA3B42715F}.Debug|Any CPU.Build.0 = Debug|Any CPU
		{35835017-5B74-47C2-8E65-BECA3B42715F}.Release|Any CPU.ActiveCfg = Release|Any CPU
		{35835017-5B74-47C2-8E65-BECA3B42715F}.Release|Any CPU.Build.0 = Release|Any CPU
		{3973B0D2-190E-4D6C-8D87-22651F70EEDA}.Debug|Any CPU.ActiveCfg = Debug|Any CPU
		{3973B0D2-190E-4D6C-8D87-22651F70EEDA}.Debug|Any CPU.Build.0 = Debug|Any CPU
		{3973B0D2-190E-4D6C-8D87-22651F70EEDA}.Release|Any CPU.ActiveCfg = Release|Any CPU
		{3973B0D2-190E-4D6C-8D87-22651F70EEDA}.Release|Any CPU.Build.0 = Release|Any CPU
		{93F32A1B-9682-470C-89AD-C01D9D3654DB}.Debug|Any CPU.ActiveCfg = Debug|Any CPU
		{93F32A1B-9682-470C-89AD-C01D9D3654DB}.Debug|Any CPU.Build.0 = Debug|Any CPU
		{93F32A1B-9682-470C-89AD-C01D9D3654DB}.Release|Any CPU.ActiveCfg = Release|Any CPU
		{93F32A1B-9682-470C-89AD-C01D9D3654DB}.Release|Any CPU.Build.0 = Release|Any CPU
		{8C15CACD-37AD-4614-BF75-FD613FAF8703}.Debug|Any CPU.ActiveCfg = Debug|Any CPU
		{8C15CACD-37AD-4614-BF75-FD613FAF8703}.Debug|Any CPU.Build.0 = Debug|Any CPU
		{8C15CACD-37AD-4614-BF75-FD613FAF8703}.Release|Any CPU.ActiveCfg = Release|Any CPU
		{8C15CACD-37AD-4614-BF75-FD613FAF8703}.Release|Any CPU.Build.0 = Release|Any CPU
		{BAEA3550-FB1E-4221-B3F6-056FAD045540}.Debug|Any CPU.ActiveCfg = Debug|Any CPU
		{BAEA3550-FB1E-4221-B3F6-056FAD045540}.Debug|Any CPU.Build.0 = Debug|Any CPU
		{BAEA3550-FB1E-4221-B3F6-056FAD045540}.Release|Any CPU.ActiveCfg = Release|Any CPU
		{BAEA3550-FB1E-4221-B3F6-056FAD045540}.Release|Any CPU.Build.0 = Release|Any CPU
	EndGlobalSection
	GlobalSection(SolutionProperties) = preSolution
		HideSolutionNode = FALSE
	EndGlobalSection
	GlobalSection(NestedProjects) = preSolution
		{918426F4-E074-4155-A6A9-BC93E102C2D0} = {63F5C7A8-813A-4251-8AE8-495333FBF224}
		{E6BC0BB1-13C8-4494-81F1-400F097E278B} = {63F5C7A8-813A-4251-8AE8-495333FBF224}
		{FA105792-71FC-4D95-B43B-94C9658492AA} = {63F5C7A8-813A-4251-8AE8-495333FBF224}
		{252F0E84-961A-4212-AD75-4A54FB3C1BD0} = {E6BC0BB1-13C8-4494-81F1-400F097E278B}
		{95E5A0FE-CEAC-43FB-8B7B-989861D9A34C} = {E6BC0BB1-13C8-4494-81F1-400F097E278B}
		{35835017-5B74-47C2-8E65-BECA3B42715F} = {E6BC0BB1-13C8-4494-81F1-400F097E278B}
		{3973B0D2-190E-4D6C-8D87-22651F70EEDA} = {E6BC0BB1-13C8-4494-81F1-400F097E278B}
		{93F32A1B-9682-470C-89AD-C01D9D3654DB} = {918426F4-E074-4155-A6A9-BC93E102C2D0}
		{8C15CACD-37AD-4614-BF75-FD613FAF8703} = {FA105792-71FC-4D95-B43B-94C9658492AA}
		{BAEA3550-FB1E-4221-B3F6-056FAD045540} = {FA105792-71FC-4D95-B43B-94C9658492AA}
	EndGlobalSection
	GlobalSection(ExtensibilityGlobals) = postSolution
		SolutionGuid = {792B78CC-8E88-47F4-8FF0-A061BBE3D51F}
	EndGlobalSection
EndGlobal
